// !$*UTF8*$!
{
	archiveVersion = 1;
	classes = {
	};
	objectVersion = 56;
	objects = {

/* Begin PBXBuildFile section */
		061251C215E1C0E5B9B1E776 /* Pods_Loan_Calculator_Loan_CalculatorUITests.framework in Frameworks */ = {isa = PBXBuildFile; fileRef = BF3271CD8308DA29424DD663 /* Pods_Loan_Calculator_Loan_CalculatorUITests.framework */; };
		0D70DE182A2C928000316B12 /* MortgageCalculationView.swift in Sources */ = {isa = PBXBuildFile; fileRef = 0D70DE172A2C928000316B12 /* MortgageCalculationView.swift */; };
		0D70DE1A2A2C92B400316B12 /* DataStructures.swift in Sources */ = {isa = PBXBuildFile; fileRef = 0D70DE192A2C92B400316B12 /* DataStructures.swift */; };
		0D70DE1C2A2C967300316B12 /* PieChartWrapper.swift in Sources */ = {isa = PBXBuildFile; fileRef = 0D70DE1B2A2C967300316B12 /* PieChartWrapper.swift */; };
		0D70DE1E2A2C975C00316B12 /* LineChartView.swift in Sources */ = {isa = PBXBuildFile; fileRef = 0D70DE1D2A2C975C00316B12 /* LineChartView.swift */; };
		0D70DE202A2C981A00316B12 /* DataComputer.swift in Sources */ = {isa = PBXBuildFile; fileRef = 0D70DE1F2A2C981A00316B12 /* DataComputer.swift */; };
		0DB8C7B62A1CEB1A009EC720 /* Loan_CalculatorApp.swift in Sources */ = {isa = PBXBuildFile; fileRef = 0DB8C7B52A1CEB1A009EC720 /* Loan_CalculatorApp.swift */; };
		0DB8C7B82A1CEB1A009EC720 /* ContentView.swift in Sources */ = {isa = PBXBuildFile; fileRef = 0DB8C7B72A1CEB1A009EC720 /* ContentView.swift */; };
		0DB8C7BA2A1CEB1B009EC720 /* Assets.xcassets in Resources */ = {isa = PBXBuildFile; fileRef = 0DB8C7B92A1CEB1B009EC720 /* Assets.xcassets */; };
		0DB8C7BD2A1CEB1B009EC720 /* Preview Assets.xcassets in Resources */ = {isa = PBXBuildFile; fileRef = 0DB8C7BC2A1CEB1B009EC720 /* Preview Assets.xcassets */; };
		0DB8C7C72A1CEB1B009EC720 /* Loan_CalculatorTests.swift in Sources */ = {isa = PBXBuildFile; fileRef = 0DB8C7C62A1CEB1B009EC720 /* Loan_CalculatorTests.swift */; };
		0DB8C7D12A1CEB1B009EC720 /* Loan_CalculatorUITests.swift in Sources */ = {isa = PBXBuildFile; fileRef = 0DB8C7D02A1CEB1B009EC720 /* Loan_CalculatorUITests.swift */; };
		0DB8C7D32A1CEB1B009EC720 /* Loan_CalculatorUITestsLaunchTests.swift in Sources */ = {isa = PBXBuildFile; fileRef = 0DB8C7D22A1CEB1B009EC720 /* Loan_CalculatorUITestsLaunchTests.swift */; };
		0DB8C7E02A1D286B009EC720 /* Formater.swift in Sources */ = {isa = PBXBuildFile; fileRef = 0DB8C7DF2A1D286B009EC720 /* Formater.swift */; };
		A41396BC82B22AF1D2CAB72B /* Pods_Loan_Calculator.framework in Frameworks */ = {isa = PBXBuildFile; fileRef = B4768254484BC2D13FC3564C /* Pods_Loan_Calculator.framework */; };
		DBF6988C49CCB48EE48F73E4 /* Pods_Loan_CalculatorTests.framework in Frameworks */ = {isa = PBXBuildFile; fileRef = 676B05542DF04410D9137152 /* Pods_Loan_CalculatorTests.framework */; };
/* End PBXBuildFile section */

/* Begin PBXContainerItemProxy section */
		0DB8C7C32A1CEB1B009EC720 /* PBXContainerItemProxy */ = {
			isa = PBXContainerItemProxy;
			containerPortal = 0DB8C7AA2A1CEB1A009EC720 /* Project object */;
			proxyType = 1;
			remoteGlobalIDString = 0DB8C7B12A1CEB1A009EC720;
			remoteInfo = "Loan Calculator";
		};
		0DB8C7CD2A1CEB1B009EC720 /* PBXContainerItemProxy */ = {
			isa = PBXContainerItemProxy;
			containerPortal = 0DB8C7AA2A1CEB1A009EC720 /* Project object */;
			proxyType = 1;
			remoteGlobalIDString = 0DB8C7B12A1CEB1A009EC720;
			remoteInfo = "Loan Calculator";
		};
/* End PBXContainerItemProxy section */

/* Begin PBXFileReference section */
		0D70DE172A2C928000316B12 /* MortgageCalculationView.swift */ = {isa = PBXFileReference; lastKnownFileType = sourcecode.swift; path = MortgageCalculationView.swift; sourceTree = "<group>"; };
		0D70DE192A2C92B400316B12 /* DataStructures.swift */ = {isa = PBXFileReference; lastKnownFileType = sourcecode.swift; path = DataStructures.swift; sourceTree = "<group>"; };
		0D70DE1B2A2C967300316B12 /* PieChartWrapper.swift */ = {isa = PBXFileReference; lastKnownFileType = sourcecode.swift; path = PieChartWrapper.swift; sourceTree = "<group>"; };
		0D70DE1D2A2C975C00316B12 /* LineChartView.swift */ = {isa = PBXFileReference; lastKnownFileType = sourcecode.swift; path = LineChartView.swift; sourceTree = "<group>"; };
		0D70DE1F2A2C981A00316B12 /* DataComputer.swift */ = {isa = PBXFileReference; lastKnownFileType = sourcecode.swift; path = DataComputer.swift; sourceTree = "<group>"; };
		0DB8C7B22A1CEB1A009EC720 /* Loan Calculator.app */ = {isa = PBXFileReference; explicitFileType = wrapper.application; includeInIndex = 0; path = "Loan Calculator.app"; sourceTree = BUILT_PRODUCTS_DIR; };
		0DB8C7B52A1CEB1A009EC720 /* Loan_CalculatorApp.swift */ = {isa = PBXFileReference; lastKnownFileType = sourcecode.swift; path = Loan_CalculatorApp.swift; sourceTree = "<group>"; };
		0DB8C7B72A1CEB1A009EC720 /* ContentView.swift */ = {isa = PBXFileReference; lastKnownFileType = sourcecode.swift; path = ContentView.swift; sourceTree = "<group>"; };
		0DB8C7B92A1CEB1B009EC720 /* Assets.xcassets */ = {isa = PBXFileReference; lastKnownFileType = folder.assetcatalog; path = Assets.xcassets; sourceTree = "<group>"; };
		0DB8C7BC2A1CEB1B009EC720 /* Preview Assets.xcassets */ = {isa = PBXFileReference; lastKnownFileType = folder.assetcatalog; path = "Preview Assets.xcassets"; sourceTree = "<group>"; };
		0DB8C7C22A1CEB1B009EC720 /* Loan CalculatorTests.xctest */ = {isa = PBXFileReference; explicitFileType = wrapper.cfbundle; includeInIndex = 0; path = "Loan CalculatorTests.xctest"; sourceTree = BUILT_PRODUCTS_DIR; };
		0DB8C7C62A1CEB1B009EC720 /* Loan_CalculatorTests.swift */ = {isa = PBXFileReference; lastKnownFileType = sourcecode.swift; path = Loan_CalculatorTests.swift; sourceTree = "<group>"; };
		0DB8C7CC2A1CEB1B009EC720 /* Loan CalculatorUITests.xctest */ = {isa = PBXFileReference; explicitFileType = wrapper.cfbundle; includeInIndex = 0; path = "Loan CalculatorUITests.xctest"; sourceTree = BUILT_PRODUCTS_DIR; };
		0DB8C7D02A1CEB1B009EC720 /* Loan_CalculatorUITests.swift */ = {isa = PBXFileReference; lastKnownFileType = sourcecode.swift; path = Loan_CalculatorUITests.swift; sourceTree = "<group>"; };
		0DB8C7D22A1CEB1B009EC720 /* Loan_CalculatorUITestsLaunchTests.swift */ = {isa = PBXFileReference; lastKnownFileType = sourcecode.swift; path = Loan_CalculatorUITestsLaunchTests.swift; sourceTree = "<group>"; };
		0DB8C7DF2A1D286B009EC720 /* Formater.swift */ = {isa = PBXFileReference; lastKnownFileType = sourcecode.swift; path = Formater.swift; sourceTree = "<group>"; };
		108EB36A0707EC72D6D57FE1 /* Pods-Loan Calculator-Loan CalculatorUITests.release.xcconfig */ = {isa = PBXFileReference; includeInIndex = 1; lastKnownFileType = text.xcconfig; name = "Pods-Loan Calculator-Loan CalculatorUITests.release.xcconfig"; path = "Target Support Files/Pods-Loan Calculator-Loan CalculatorUITests/Pods-Loan Calculator-Loan CalculatorUITests.release.xcconfig"; sourceTree = "<group>"; };
		676B05542DF04410D9137152 /* Pods_Loan_CalculatorTests.framework */ = {isa = PBXFileReference; explicitFileType = wrapper.framework; includeInIndex = 0; path = Pods_Loan_CalculatorTests.framework; sourceTree = BUILT_PRODUCTS_DIR; };
		9F0053647FF23BE7955E0485 /* Pods-Loan Calculator.release.xcconfig */ = {isa = PBXFileReference; includeInIndex = 1; lastKnownFileType = text.xcconfig; name = "Pods-Loan Calculator.release.xcconfig"; path = "Target Support Files/Pods-Loan Calculator/Pods-Loan Calculator.release.xcconfig"; sourceTree = "<group>"; };
		A8CC74805D2696EE2522213E /* Pods-Loan CalculatorTests.release.xcconfig */ = {isa = PBXFileReference; includeInIndex = 1; lastKnownFileType = text.xcconfig; name = "Pods-Loan CalculatorTests.release.xcconfig"; path = "Target Support Files/Pods-Loan CalculatorTests/Pods-Loan CalculatorTests.release.xcconfig"; sourceTree = "<group>"; };
		B4768254484BC2D13FC3564C /* Pods_Loan_Calculator.framework */ = {isa = PBXFileReference; explicitFileType = wrapper.framework; includeInIndex = 0; path = Pods_Loan_Calculator.framework; sourceTree = BUILT_PRODUCTS_DIR; };
		BCB7658DCD1E8DF28D08BEDB /* Pods-Loan CalculatorTests.debug.xcconfig */ = {isa = PBXFileReference; includeInIndex = 1; lastKnownFileType = text.xcconfig; name = "Pods-Loan CalculatorTests.debug.xcconfig"; path = "Target Support Files/Pods-Loan CalculatorTests/Pods-Loan CalculatorTests.debug.xcconfig"; sourceTree = "<group>"; };
		BF3271CD8308DA29424DD663 /* Pods_Loan_Calculator_Loan_CalculatorUITests.framework */ = {isa = PBXFileReference; explicitFileType = wrapper.framework; includeInIndex = 0; path = Pods_Loan_Calculator_Loan_CalculatorUITests.framework; sourceTree = BUILT_PRODUCTS_DIR; };
		F1A55245CD85B39F0DF2F109 /* Pods-Loan Calculator-Loan CalculatorUITests.debug.xcconfig */ = {isa = PBXFileReference; includeInIndex = 1; lastKnownFileType = text.xcconfig; name = "Pods-Loan Calculator-Loan CalculatorUITests.debug.xcconfig"; path = "Target Support Files/Pods-Loan Calculator-Loan CalculatorUITests/Pods-Loan Calculator-Loan CalculatorUITests.debug.xcconfig"; sourceTree = "<group>"; };
		FD8B259F423DF8C1881287F9 /* Pods-Loan Calculator.debug.xcconfig */ = {isa = PBXFileReference; includeInIndex = 1; lastKnownFileType = text.xcconfig; name = "Pods-Loan Calculator.debug.xcconfig"; path = "Target Support Files/Pods-Loan Calculator/Pods-Loan Calculator.debug.xcconfig"; sourceTree = "<group>"; };
/* End PBXFileReference section */

/* Begin PBXFrameworksBuildPhase section */
		0DB8C7AF2A1CEB1A009EC720 /* Frameworks */ = {
			isa = PBXFrameworksBuildPhase;
			buildActionMask = 2147483647;
			files = (
				A41396BC82B22AF1D2CAB72B /* Pods_Loan_Calculator.framework in Frameworks */,
			);
			runOnlyForDeploymentPostprocessing = 0;
		};
		0DB8C7BF2A1CEB1B009EC720 /* Frameworks */ = {
			isa = PBXFrameworksBuildPhase;
			buildActionMask = 2147483647;
			files = (
				DBF6988C49CCB48EE48F73E4 /* Pods_Loan_CalculatorTests.framework in Frameworks */,
			);
			runOnlyForDeploymentPostprocessing = 0;
		};
		0DB8C7C92A1CEB1B009EC720 /* Frameworks */ = {
			isa = PBXFrameworksBuildPhase;
			buildActionMask = 2147483647;
			files = (
				061251C215E1C0E5B9B1E776 /* Pods_Loan_Calculator_Loan_CalculatorUITests.framework in Frameworks */,
			);
			runOnlyForDeploymentPostprocessing = 0;
		};
/* End PBXFrameworksBuildPhase section */

/* Begin PBXGroup section */
		0DB8C7A92A1CEB1A009EC720 = {
			isa = PBXGroup;
			children = (
				0DB8C7B42A1CEB1A009EC720 /* Loan Calculator */,
				0DB8C7C52A1CEB1B009EC720 /* Loan CalculatorTests */,
				0DB8C7CF2A1CEB1B009EC720 /* Loan CalculatorUITests */,
				0DB8C7B32A1CEB1A009EC720 /* Products */,
				5594CD46E5FA392211F46FC1 /* Pods */,
				DDA560501E05C59515AEF044 /* Frameworks */,
			);
			sourceTree = "<group>";
		};
		0DB8C7B32A1CEB1A009EC720 /* Products */ = {
			isa = PBXGroup;
			children = (
				0DB8C7B22A1CEB1A009EC720 /* Loan Calculator.app */,
				0DB8C7C22A1CEB1B009EC720 /* Loan CalculatorTests.xctest */,
				0DB8C7CC2A1CEB1B009EC720 /* Loan CalculatorUITests.xctest */,
			);
			name = Products;
			sourceTree = "<group>";
		};
		0DB8C7B42A1CEB1A009EC720 /* Loan Calculator */ = {
			isa = PBXGroup;
			children = (
				0DB8C7B52A1CEB1A009EC720 /* Loan_CalculatorApp.swift */,
				0DB8C7B72A1CEB1A009EC720 /* ContentView.swift */,
				0DB8C7B92A1CEB1B009EC720 /* Assets.xcassets */,
				0DB8C7BB2A1CEB1B009EC720 /* Preview Content */,
				0DB8C7DF2A1D286B009EC720 /* Formater.swift */,
				0D70DE172A2C928000316B12 /* MortgageCalculationView.swift */,
				0D70DE192A2C92B400316B12 /* DataStructures.swift */,
				0D70DE1B2A2C967300316B12 /* PieChartWrapper.swift */,
				0D70DE1D2A2C975C00316B12 /* LineChartView.swift */,
				0D70DE1F2A2C981A00316B12 /* DataComputer.swift */,
			);
			path = "Loan Calculator";
			sourceTree = "<group>";
		};
		0DB8C7BB2A1CEB1B009EC720 /* Preview Content */ = {
			isa = PBXGroup;
			children = (
				0DB8C7BC2A1CEB1B009EC720 /* Preview Assets.xcassets */,
			);
			path = "Preview Content";
			sourceTree = "<group>";
		};
		0DB8C7C52A1CEB1B009EC720 /* Loan CalculatorTests */ = {
			isa = PBXGroup;
			children = (
				0DB8C7C62A1CEB1B009EC720 /* Loan_CalculatorTests.swift */,
			);
			path = "Loan CalculatorTests";
			sourceTree = "<group>";
		};
		0DB8C7CF2A1CEB1B009EC720 /* Loan CalculatorUITests */ = {
			isa = PBXGroup;
			children = (
				0DB8C7D02A1CEB1B009EC720 /* Loan_CalculatorUITests.swift */,
				0DB8C7D22A1CEB1B009EC720 /* Loan_CalculatorUITestsLaunchTests.swift */,
			);
			path = "Loan CalculatorUITests";
			sourceTree = "<group>";
		};
		5594CD46E5FA392211F46FC1 /* Pods */ = {
			isa = PBXGroup;
			children = (
				FD8B259F423DF8C1881287F9 /* Pods-Loan Calculator.debug.xcconfig */,
				9F0053647FF23BE7955E0485 /* Pods-Loan Calculator.release.xcconfig */,
				F1A55245CD85B39F0DF2F109 /* Pods-Loan Calculator-Loan CalculatorUITests.debug.xcconfig */,
				108EB36A0707EC72D6D57FE1 /* Pods-Loan Calculator-Loan CalculatorUITests.release.xcconfig */,
				BCB7658DCD1E8DF28D08BEDB /* Pods-Loan CalculatorTests.debug.xcconfig */,
				A8CC74805D2696EE2522213E /* Pods-Loan CalculatorTests.release.xcconfig */,
			);
			path = Pods;
			sourceTree = "<group>";
		};
		DDA560501E05C59515AEF044 /* Frameworks */ = {
			isa = PBXGroup;
			children = (
				B4768254484BC2D13FC3564C /* Pods_Loan_Calculator.framework */,
				BF3271CD8308DA29424DD663 /* Pods_Loan_Calculator_Loan_CalculatorUITests.framework */,
				676B05542DF04410D9137152 /* Pods_Loan_CalculatorTests.framework */,
			);
			name = Frameworks;
			sourceTree = "<group>";
		};
/* End PBXGroup section */

/* Begin PBXNativeTarget section */
		0DB8C7B12A1CEB1A009EC720 /* Loan Calculator */ = {
			isa = PBXNativeTarget;
			buildConfigurationList = 0DB8C7D62A1CEB1B009EC720 /* Build configuration list for PBXNativeTarget "Loan Calculator" */;
			buildPhases = (
				834D04188E925FEF15DF7043 /* [CP] Check Pods Manifest.lock */,
				0DB8C7AE2A1CEB1A009EC720 /* Sources */,
				0DB8C7AF2A1CEB1A009EC720 /* Frameworks */,
				0DB8C7B02A1CEB1A009EC720 /* Resources */,
				A1C6F1171D929895EC00AC79 /* [CP] Embed Pods Frameworks */,
			);
			buildRules = (
			);
			dependencies = (
			);
			name = "Loan Calculator";
			productName = "Loan Calculator";
			productReference = 0DB8C7B22A1CEB1A009EC720 /* Loan Calculator.app */;
			productType = "com.apple.product-type.application";
		};
		0DB8C7C12A1CEB1B009EC720 /* Loan CalculatorTests */ = {
			isa = PBXNativeTarget;
			buildConfigurationList = 0DB8C7D92A1CEB1B009EC720 /* Build configuration list for PBXNativeTarget "Loan CalculatorTests" */;
			buildPhases = (
				A8F77D18EE1A4BF16A15A3A4 /* [CP] Check Pods Manifest.lock */,
				0DB8C7BE2A1CEB1B009EC720 /* Sources */,
				0DB8C7BF2A1CEB1B009EC720 /* Frameworks */,
				0DB8C7C02A1CEB1B009EC720 /* Resources */,
			);
			buildRules = (
			);
			dependencies = (
				0DB8C7C42A1CEB1B009EC720 /* PBXTargetDependency */,
			);
			name = "Loan CalculatorTests";
			productName = "Loan CalculatorTests";
			productReference = 0DB8C7C22A1CEB1B009EC720 /* Loan CalculatorTests.xctest */;
			productType = "com.apple.product-type.bundle.unit-test";
		};
		0DB8C7CB2A1CEB1B009EC720 /* Loan CalculatorUITests */ = {
			isa = PBXNativeTarget;
			buildConfigurationList = 0DB8C7DC2A1CEB1B009EC720 /* Build configuration list for PBXNativeTarget "Loan CalculatorUITests" */;
			buildPhases = (
				C7D0EBD3911F308D34DF7981 /* [CP] Check Pods Manifest.lock */,
				0DB8C7C82A1CEB1B009EC720 /* Sources */,
				0DB8C7C92A1CEB1B009EC720 /* Frameworks */,
				0DB8C7CA2A1CEB1B009EC720 /* Resources */,
				59588FDC747E9F177DB89E36 /* [CP] Embed Pods Frameworks */,
			);
			buildRules = (
			);
			dependencies = (
				0DB8C7CE2A1CEB1B009EC720 /* PBXTargetDependency */,
			);
			name = "Loan CalculatorUITests";
			productName = "Loan CalculatorUITests";
			productReference = 0DB8C7CC2A1CEB1B009EC720 /* Loan CalculatorUITests.xctest */;
			productType = "com.apple.product-type.bundle.ui-testing";
		};
/* End PBXNativeTarget section */

/* Begin PBXProject section */
		0DB8C7AA2A1CEB1A009EC720 /* Project object */ = {
			isa = PBXProject;
			attributes = {
				BuildIndependentTargetsInParallel = 1;
				LastSwiftUpdateCheck = 1430;
				LastUpgradeCheck = 1430;
				TargetAttributes = {
					0DB8C7B12A1CEB1A009EC720 = {
						CreatedOnToolsVersion = 14.3;
					};
					0DB8C7C12A1CEB1B009EC720 = {
						CreatedOnToolsVersion = 14.3;
						TestTargetID = 0DB8C7B12A1CEB1A009EC720;
					};
					0DB8C7CB2A1CEB1B009EC720 = {
						CreatedOnToolsVersion = 14.3;
						TestTargetID = 0DB8C7B12A1CEB1A009EC720;
					};
				};
			};
			buildConfigurationList = 0DB8C7AD2A1CEB1A009EC720 /* Build configuration list for PBXProject "Loan Calculator" */;
			compatibilityVersion = "Xcode 14.0";
			developmentRegion = en;
			hasScannedForEncodings = 0;
			knownRegions = (
				en,
				Base,
			);
			mainGroup = 0DB8C7A92A1CEB1A009EC720;
			productRefGroup = 0DB8C7B32A1CEB1A009EC720 /* Products */;
			projectDirPath = "";
			projectRoot = "";
			targets = (
				0DB8C7B12A1CEB1A009EC720 /* Loan Calculator */,
				0DB8C7C12A1CEB1B009EC720 /* Loan CalculatorTests */,
				0DB8C7CB2A1CEB1B009EC720 /* Loan CalculatorUITests */,
			);
		};
/* End PBXProject section */

/* Begin PBXResourcesBuildPhase section */
		0DB8C7B02A1CEB1A009EC720 /* Resources */ = {
			isa = PBXResourcesBuildPhase;
			buildActionMask = 2147483647;
			files = (
				0DB8C7BD2A1CEB1B009EC720 /* Preview Assets.xcassets in Resources */,
				0DB8C7BA2A1CEB1B009EC720 /* Assets.xcassets in Resources */,
			);
			runOnlyForDeploymentPostprocessing = 0;
		};
		0DB8C7C02A1CEB1B009EC720 /* Resources */ = {
			isa = PBXResourcesBuildPhase;
			buildActionMask = 2147483647;
			files = (
			);
			runOnlyForDeploymentPostprocessing = 0;
		};
		0DB8C7CA2A1CEB1B009EC720 /* Resources */ = {
			isa = PBXResourcesBuildPhase;
			buildActionMask = 2147483647;
			files = (
			);
			runOnlyForDeploymentPostprocessing = 0;
		};
/* End PBXResourcesBuildPhase section */

/* Begin PBXShellScriptBuildPhase section */
		59588FDC747E9F177DB89E36 /* [CP] Embed Pods Frameworks */ = {
			isa = PBXShellScriptBuildPhase;
			buildActionMask = 2147483647;
			files = (
			);
			inputFileListPaths = (
				"${PODS_ROOT}/Target Support Files/Pods-Loan Calculator-Loan CalculatorUITests/Pods-Loan Calculator-Loan CalculatorUITests-frameworks-${CONFIGURATION}-input-files.xcfilelist",
			);
			name = "[CP] Embed Pods Frameworks";
			outputFileListPaths = (
				"${PODS_ROOT}/Target Support Files/Pods-Loan Calculator-Loan CalculatorUITests/Pods-Loan Calculator-Loan CalculatorUITests-frameworks-${CONFIGURATION}-output-files.xcfilelist",
			);
			runOnlyForDeploymentPostprocessing = 0;
			shellPath = /bin/sh;
			shellScript = "\"${PODS_ROOT}/Target Support Files/Pods-Loan Calculator-Loan CalculatorUITests/Pods-Loan Calculator-Loan CalculatorUITests-frameworks.sh\"\n";
			showEnvVarsInLog = 0;
		};
		834D04188E925FEF15DF7043 /* [CP] Check Pods Manifest.lock */ = {
			isa = PBXShellScriptBuildPhase;
			buildActionMask = 2147483647;
			files = (
			);
			inputFileListPaths = (
			);
			inputPaths = (
				"${PODS_PODFILE_DIR_PATH}/Podfile.lock",
				"${PODS_ROOT}/Manifest.lock",
			);
			name = "[CP] Check Pods Manifest.lock";
			outputFileListPaths = (
			);
			outputPaths = (
				"$(DERIVED_FILE_DIR)/Pods-Loan Calculator-checkManifestLockResult.txt",
			);
			runOnlyForDeploymentPostprocessing = 0;
			shellPath = /bin/sh;
			shellScript = "diff \"${PODS_PODFILE_DIR_PATH}/Podfile.lock\" \"${PODS_ROOT}/Manifest.lock\" > /dev/null\nif [ $? != 0 ] ; then\n    # print error to STDERR\n    echo \"error: The sandbox is not in sync with the Podfile.lock. Run 'pod install' or update your CocoaPods installation.\" >&2\n    exit 1\nfi\n# This output is used by Xcode 'outputs' to avoid re-running this script phase.\necho \"SUCCESS\" > \"${SCRIPT_OUTPUT_FILE_0}\"\n";
			showEnvVarsInLog = 0;
		};
		A1C6F1171D929895EC00AC79 /* [CP] Embed Pods Frameworks */ = {
			isa = PBXShellScriptBuildPhase;
			buildActionMask = 2147483647;
			files = (
			);
			inputFileListPaths = (
				"${PODS_ROOT}/Target Support Files/Pods-Loan Calculator/Pods-Loan Calculator-frameworks-${CONFIGURATION}-input-files.xcfilelist",
			);
			name = "[CP] Embed Pods Frameworks";
			outputFileListPaths = (
				"${PODS_ROOT}/Target Support Files/Pods-Loan Calculator/Pods-Loan Calculator-frameworks-${CONFIGURATION}-output-files.xcfilelist",
			);
			runOnlyForDeploymentPostprocessing = 0;
			shellPath = /bin/sh;
			shellScript = "\"${PODS_ROOT}/Target Support Files/Pods-Loan Calculator/Pods-Loan Calculator-frameworks.sh\"\n";
			showEnvVarsInLog = 0;
		};
		A8F77D18EE1A4BF16A15A3A4 /* [CP] Check Pods Manifest.lock */ = {
			isa = PBXShellScriptBuildPhase;
			buildActionMask = 2147483647;
			files = (
			);
			inputFileListPaths = (
			);
			inputPaths = (
				"${PODS_PODFILE_DIR_PATH}/Podfile.lock",
				"${PODS_ROOT}/Manifest.lock",
			);
			name = "[CP] Check Pods Manifest.lock";
			outputFileListPaths = (
			);
			outputPaths = (
				"$(DERIVED_FILE_DIR)/Pods-Loan CalculatorTests-checkManifestLockResult.txt",
			);
			runOnlyForDeploymentPostprocessing = 0;
			shellPath = /bin/sh;
			shellScript = "diff \"${PODS_PODFILE_DIR_PATH}/Podfile.lock\" \"${PODS_ROOT}/Manifest.lock\" > /dev/null\nif [ $? != 0 ] ; then\n    # print error to STDERR\n    echo \"error: The sandbox is not in sync with the Podfile.lock. Run 'pod install' or update your CocoaPods installation.\" >&2\n    exit 1\nfi\n# This output is used by Xcode 'outputs' to avoid re-running this script phase.\necho \"SUCCESS\" > \"${SCRIPT_OUTPUT_FILE_0}\"\n";
			showEnvVarsInLog = 0;
		};
		C7D0EBD3911F308D34DF7981 /* [CP] Check Pods Manifest.lock */ = {
			isa = PBXShellScriptBuildPhase;
			buildActionMask = 2147483647;
			files = (
			);
			inputFileListPaths = (
			);
			inputPaths = (
				"${PODS_PODFILE_DIR_PATH}/Podfile.lock",
				"${PODS_ROOT}/Manifest.lock",
			);
			name = "[CP] Check Pods Manifest.lock";
			outputFileListPaths = (
			);
			outputPaths = (
				"$(DERIVED_FILE_DIR)/Pods-Loan Calculator-Loan CalculatorUITests-checkManifestLockResult.txt",
			);
			runOnlyForDeploymentPostprocessing = 0;
			shellPath = /bin/sh;
			shellScript = "diff \"${PODS_PODFILE_DIR_PATH}/Podfile.lock\" \"${PODS_ROOT}/Manifest.lock\" > /dev/null\nif [ $? != 0 ] ; then\n    # print error to STDERR\n    echo \"error: The sandbox is not in sync with the Podfile.lock. Run 'pod install' or update your CocoaPods installation.\" >&2\n    exit 1\nfi\n# This output is used by Xcode 'outputs' to avoid re-running this script phase.\necho \"SUCCESS\" > \"${SCRIPT_OUTPUT_FILE_0}\"\n";
			showEnvVarsInLog = 0;
		};
/* End PBXShellScriptBuildPhase section */

/* Begin PBXSourcesBuildPhase section */
		0DB8C7AE2A1CEB1A009EC720 /* Sources */ = {
			isa = PBXSourcesBuildPhase;
			buildActionMask = 2147483647;
			files = (
				0D70DE182A2C928000316B12 /* MortgageCalculationView.swift in Sources */,
				0D70DE1C2A2C967300316B12 /* PieChartWrapper.swift in Sources */,
				0D70DE1A2A2C92B400316B12 /* DataStructures.swift in Sources */,
				0D70DE1E2A2C975C00316B12 /* LineChartView.swift in Sources */,
				0DB8C7B82A1CEB1A009EC720 /* ContentView.swift in Sources */,
				0DB8C7B62A1CEB1A009EC720 /* Loan_CalculatorApp.swift in Sources */,
				0D70DE202A2C981A00316B12 /* DataComputer.swift in Sources */,
				0DB8C7E02A1D286B009EC720 /* Formater.swift in Sources */,
			);
			runOnlyForDeploymentPostprocessing = 0;
		};
		0DB8C7BE2A1CEB1B009EC720 /* Sources */ = {
			isa = PBXSourcesBuildPhase;
			buildActionMask = 2147483647;
			files = (
				0DB8C7C72A1CEB1B009EC720 /* Loan_CalculatorTests.swift in Sources */,
			);
			runOnlyForDeploymentPostprocessing = 0;
		};
		0DB8C7C82A1CEB1B009EC720 /* Sources */ = {
			isa = PBXSourcesBuildPhase;
			buildActionMask = 2147483647;
			files = (
				0DB8C7D32A1CEB1B009EC720 /* Loan_CalculatorUITestsLaunchTests.swift in Sources */,
				0DB8C7D12A1CEB1B009EC720 /* Loan_CalculatorUITests.swift in Sources */,
			);
			runOnlyForDeploymentPostprocessing = 0;
		};
/* End PBXSourcesBuildPhase section */

/* Begin PBXTargetDependency section */
		0DB8C7C42A1CEB1B009EC720 /* PBXTargetDependency */ = {
			isa = PBXTargetDependency;
			target = 0DB8C7B12A1CEB1A009EC720 /* Loan Calculator */;
			targetProxy = 0DB8C7C32A1CEB1B009EC720 /* PBXContainerItemProxy */;
		};
		0DB8C7CE2A1CEB1B009EC720 /* PBXTargetDependency */ = {
			isa = PBXTargetDependency;
			target = 0DB8C7B12A1CEB1A009EC720 /* Loan Calculator */;
			targetProxy = 0DB8C7CD2A1CEB1B009EC720 /* PBXContainerItemProxy */;
		};
/* End PBXTargetDependency section */

/* Begin XCBuildConfiguration section */
		0DB8C7D42A1CEB1B009EC720 /* Debug */ = {
			isa = XCBuildConfiguration;
			buildSettings = {
				ALWAYS_SEARCH_USER_PATHS = NO;
				CLANG_ANALYZER_NONNULL = YES;
				CLANG_ANALYZER_NUMBER_OBJECT_CONVERSION = YES_AGGRESSIVE;
				CLANG_CXX_LANGUAGE_STANDARD = "gnu++20";
				CLANG_ENABLE_MODULES = YES;
				CLANG_ENABLE_OBJC_ARC = YES;
				CLANG_ENABLE_OBJC_WEAK = YES;
				CLANG_WARN_BLOCK_CAPTURE_AUTORELEASING = YES;
				CLANG_WARN_BOOL_CONVERSION = YES;
				CLANG_WARN_COMMA = YES;
				CLANG_WARN_CONSTANT_CONVERSION = YES;
				CLANG_WARN_DEPRECATED_OBJC_IMPLEMENTATIONS = YES;
				CLANG_WARN_DIRECT_OBJC_ISA_USAGE = YES_ERROR;
				CLANG_WARN_DOCUMENTATION_COMMENTS = YES;
				CLANG_WARN_EMPTY_BODY = YES;
				CLANG_WARN_ENUM_CONVERSION = YES;
				CLANG_WARN_INFINITE_RECURSION = YES;
				CLANG_WARN_INT_CONVERSION = YES;
				CLANG_WARN_NON_LITERAL_NULL_CONVERSION = YES;
				CLANG_WARN_OBJC_IMPLICIT_RETAIN_SELF = YES;
				CLANG_WARN_OBJC_LITERAL_CONVERSION = YES;
				CLANG_WARN_OBJC_ROOT_CLASS = YES_ERROR;
				CLANG_WARN_QUOTED_INCLUDE_IN_FRAMEWORK_HEADER = YES;
				CLANG_WARN_RANGE_LOOP_ANALYSIS = YES;
				CLANG_WARN_STRICT_PROTOTYPES = YES;
				CLANG_WARN_SUSPICIOUS_MOVE = YES;
				CLANG_WARN_UNGUARDED_AVAILABILITY = YES_AGGRESSIVE;
				CLANG_WARN_UNREACHABLE_CODE = YES;
				CLANG_WARN__DUPLICATE_METHOD_MATCH = YES;
				COPY_PHASE_STRIP = NO;
				DEBUG_INFORMATION_FORMAT = dwarf;
				ENABLE_STRICT_OBJC_MSGSEND = YES;
				ENABLE_TESTABILITY = YES;
				GCC_C_LANGUAGE_STANDARD = gnu11;
				GCC_DYNAMIC_NO_PIC = NO;
				GCC_NO_COMMON_BLOCKS = YES;
				GCC_OPTIMIZATION_LEVEL = 0;
				GCC_PREPROCESSOR_DEFINITIONS = (
					"DEBUG=1",
					"$(inherited)",
				);
				GCC_WARN_64_TO_32_BIT_CONVERSION = YES;
				GCC_WARN_ABOUT_RETURN_TYPE = YES_ERROR;
				GCC_WARN_UNDECLARED_SELECTOR = YES;
				GCC_WARN_UNINITIALIZED_AUTOS = YES_AGGRESSIVE;
				GCC_WARN_UNUSED_FUNCTION = YES;
				GCC_WARN_UNUSED_VARIABLE = YES;
				IPHONEOS_DEPLOYMENT_TARGET = 16.4;
				MTL_ENABLE_DEBUG_INFO = INCLUDE_SOURCE;
				MTL_FAST_MATH = YES;
				ONLY_ACTIVE_ARCH = YES;
				SDKROOT = iphoneos;
				SWIFT_ACTIVE_COMPILATION_CONDITIONS = DEBUG;
				SWIFT_OPTIMIZATION_LEVEL = "-Onone";
			};
			name = Debug;
		};
		0DB8C7D52A1CEB1B009EC720 /* Release */ = {
			isa = XCBuildConfiguration;
			buildSettings = {
				ALWAYS_SEARCH_USER_PATHS = NO;
				CLANG_ANALYZER_NONNULL = YES;
				CLANG_ANALYZER_NUMBER_OBJECT_CONVERSION = YES_AGGRESSIVE;
				CLANG_CXX_LANGUAGE_STANDARD = "gnu++20";
				CLANG_ENABLE_MODULES = YES;
				CLANG_ENABLE_OBJC_ARC = YES;
				CLANG_ENABLE_OBJC_WEAK = YES;
				CLANG_WARN_BLOCK_CAPTURE_AUTORELEASING = YES;
				CLANG_WARN_BOOL_CONVERSION = YES;
				CLANG_WARN_COMMA = YES;
				CLANG_WARN_CONSTANT_CONVERSION = YES;
				CLANG_WARN_DEPRECATED_OBJC_IMPLEMENTATIONS = YES;
				CLANG_WARN_DIRECT_OBJC_ISA_USAGE = YES_ERROR;
				CLANG_WARN_DOCUMENTATION_COMMENTS = YES;
				CLANG_WARN_EMPTY_BODY = YES;
				CLANG_WARN_ENUM_CONVERSION = YES;
				CLANG_WARN_INFINITE_RECURSION = YES;
				CLANG_WARN_INT_CONVERSION = YES;
				CLANG_WARN_NON_LITERAL_NULL_CONVERSION = YES;
				CLANG_WARN_OBJC_IMPLICIT_RETAIN_SELF = YES;
				CLANG_WARN_OBJC_LITERAL_CONVERSION = YES;
				CLANG_WARN_OBJC_ROOT_CLASS = YES_ERROR;
				CLANG_WARN_QUOTED_INCLUDE_IN_FRAMEWORK_HEADER = YES;
				CLANG_WARN_RANGE_LOOP_ANALYSIS = YES;
				CLANG_WARN_STRICT_PROTOTYPES = YES;
				CLANG_WARN_SUSPICIOUS_MOVE = YES;
				CLANG_WARN_UNGUARDED_AVAILABILITY = YES_AGGRESSIVE;
				CLANG_WARN_UNREACHABLE_CODE = YES;
				CLANG_WARN__DUPLICATE_METHOD_MATCH = YES;
				COPY_PHASE_STRIP = NO;
				DEBUG_INFORMATION_FORMAT = "dwarf-with-dsym";
				ENABLE_NS_ASSERTIONS = NO;
				ENABLE_STRICT_OBJC_MSGSEND = YES;
				GCC_C_LANGUAGE_STANDARD = gnu11;
				GCC_NO_COMMON_BLOCKS = YES;
				GCC_WARN_64_TO_32_BIT_CONVERSION = YES;
				GCC_WARN_ABOUT_RETURN_TYPE = YES_ERROR;
				GCC_WARN_UNDECLARED_SELECTOR = YES;
				GCC_WARN_UNINITIALIZED_AUTOS = YES_AGGRESSIVE;
				GCC_WARN_UNUSED_FUNCTION = YES;
				GCC_WARN_UNUSED_VARIABLE = YES;
				IPHONEOS_DEPLOYMENT_TARGET = 16.4;
				MTL_ENABLE_DEBUG_INFO = NO;
				MTL_FAST_MATH = YES;
				SDKROOT = iphoneos;
				SWIFT_COMPILATION_MODE = wholemodule;
				SWIFT_OPTIMIZATION_LEVEL = "-O";
				VALIDATE_PRODUCT = YES;
			};
			name = Release;
		};
		0DB8C7D72A1CEB1B009EC720 /* Debug */ = {
			isa = XCBuildConfiguration;
			baseConfigurationReference = FD8B259F423DF8C1881287F9 /* Pods-Loan Calculator.debug.xcconfig */;
			buildSettings = {
				ASSETCATALOG_COMPILER_APPICON_NAME = AppIcon;
				ASSETCATALOG_COMPILER_GLOBAL_ACCENT_COLOR_NAME = AccentColor;
				CODE_SIGN_STYLE = Automatic;
				CURRENT_PROJECT_VERSION = 1;
				DEVELOPMENT_ASSET_PATHS = "\"Loan Calculator/Preview Content\"";
				DEVELOPMENT_TEAM = T8BSBSN9EC;
				ENABLE_PREVIEWS = YES;
				GENERATE_INFOPLIST_FILE = YES;
				INFOPLIST_KEY_UIApplicationSceneManifest_Generation = YES;
				INFOPLIST_KEY_UIApplicationSupportsIndirectInputEvents = YES;
				INFOPLIST_KEY_UILaunchScreen_Generation = YES;
				INFOPLIST_KEY_UISupportedInterfaceOrientations_iPad = "UIInterfaceOrientationPortrait UIInterfaceOrientationPortraitUpsideDown UIInterfaceOrientationLandscapeLeft UIInterfaceOrientationLandscapeRight";
				INFOPLIST_KEY_UISupportedInterfaceOrientations_iPhone = "UIInterfaceOrientationPortrait UIInterfaceOrientationLandscapeLeft UIInterfaceOrientationLandscapeRight";
				LD_RUNPATH_SEARCH_PATHS = (
					"$(inherited)",
					"@executable_path/Frameworks",
				);
				MARKETING_VERSION = 1.0;
				PRODUCT_BUNDLE_IDENTIFIER = "NWM.Loan-Calculator";
				PRODUCT_NAME = "$(TARGET_NAME)";
				SWIFT_EMIT_LOC_STRINGS = YES;
				SWIFT_VERSION = 5.0;
				TARGETED_DEVICE_FAMILY = "1,2";
			};
			name = Debug;
		};
		0DB8C7D82A1CEB1B009EC720 /* Release */ = {
			isa = XCBuildConfiguration;
			baseConfigurationReference = 9F0053647FF23BE7955E0485 /* Pods-Loan Calculator.release.xcconfig */;
			buildSettings = {
				ASSETCATALOG_COMPILER_APPICON_NAME = AppIcon;
				ASSETCATALOG_COMPILER_GLOBAL_ACCENT_COLOR_NAME = AccentColor;
				CODE_SIGN_STYLE = Automatic;
				CURRENT_PROJECT_VERSION = 1;
				DEVELOPMENT_ASSET_PATHS = "\"Loan Calculator/Preview Content\"";
				DEVELOPMENT_TEAM = T8BSBSN9EC;
				ENABLE_PREVIEWS = YES;
				GENERATE_INFOPLIST_FILE = YES;
				INFOPLIST_KEY_UIApplicationSceneManifest_Generation = YES;
				INFOPLIST_KEY_UIApplicationSupportsIndirectInputEvents = YES;
				INFOPLIST_KEY_UILaunchScreen_Generation = YES;
				INFOPLIST_KEY_UISupportedInterfaceOrientations_iPad = "UIInterfaceOrientationPortrait UIInterfaceOrientationPortraitUpsideDown UIInterfaceOrientationLandscapeLeft UIInterfaceOrientationLandscapeRight";
				INFOPLIST_KEY_UISupportedInterfaceOrientations_iPhone = "UIInterfaceOrientationPortrait UIInterfaceOrientationLandscapeLeft UIInterfaceOrientationLandscapeRight";
				LD_RUNPATH_SEARCH_PATHS = (
					"$(inherited)",
					"@executable_path/Frameworks",
				);
				MARKETING_VERSION = 1.0;
				PRODUCT_BUNDLE_IDENTIFIER = "NWM.Loan-Calculator";
				PRODUCT_NAME = "$(TARGET_NAME)";
				SWIFT_EMIT_LOC_STRINGS = YES;
				SWIFT_VERSION = 5.0;
				TARGETED_DEVICE_FAMILY = "1,2";
			};
			name = Release;
		};
		0DB8C7DA2A1CEB1B009EC720 /* Debug */ = {
			isa = XCBuildConfiguration;
			baseConfigurationReference = BCB7658DCD1E8DF28D08BEDB /* Pods-Loan CalculatorTests.debug.xcconfig */;
			buildSettings = {
				ALWAYS_EMBED_SWIFT_STANDARD_LIBRARIES = YES;
				BUNDLE_LOADER = "$(TEST_HOST)";
				CODE_SIGN_STYLE = Automatic;
				CURRENT_PROJECT_VERSION = 1;
				DEVELOPMENT_TEAM = T8BSBSN9EC;
				GENERATE_INFOPLIST_FILE = YES;
				IPHONEOS_DEPLOYMENT_TARGET = 16.4;
				MARKETING_VERSION = 1.0;
				PRODUCT_BUNDLE_IDENTIFIER = "NWM.Loan-CalculatorTests";
				PRODUCT_NAME = "$(TARGET_NAME)";
				SWIFT_EMIT_LOC_STRINGS = NO;
				SWIFT_VERSION = 5.0;
				TARGETED_DEVICE_FAMILY = "1,2";
				TEST_HOST = "$(BUILT_PRODUCTS_DIR)/Loan Calculator.app/$(BUNDLE_EXECUTABLE_FOLDER_PATH)/Loan Calculator";
			};
			name = Debug;
		};
		0DB8C7DB2A1CEB1B009EC720 /* Release */ = {
			isa = XCBuildConfiguration;
			baseConfigurationReference = A8CC74805D2696EE2522213E /* Pods-Loan CalculatorTests.release.xcconfig */;
			buildSettings = {
				ALWAYS_EMBED_SWIFT_STANDARD_LIBRARIES = YES;
				BUNDLE_LOADER = "$(TEST_HOST)";
				CODE_SIGN_STYLE = Automatic;
				CURRENT_PROJECT_VERSION = 1;
				DEVELOPMENT_TEAM = T8BSBSN9EC;
				GENERATE_INFOPLIST_FILE = YES;
				IPHONEOS_DEPLOYMENT_TARGET = 16.4;
				MARKETING_VERSION = 1.0;
				PRODUCT_BUNDLE_IDENTIFIER = "NWM.Loan-CalculatorTests";
				PRODUCT_NAME = "$(TARGET_NAME)";
				SWIFT_EMIT_LOC_STRINGS = NO;
				SWIFT_VERSION = 5.0;
				TARGETED_DEVICE_FAMILY = "1,2";
				TEST_HOST = "$(BUILT_PRODUCTS_DIR)/Loan Calculator.app/$(BUNDLE_EXECUTABLE_FOLDER_PATH)/Loan Calculator";
			};
			name = Release;
		};
		0DB8C7DD2A1CEB1B009EC720 /* Debug */ = {
			isa = XCBuildConfiguration;
			baseConfigurationReference = F1A55245CD85B39F0DF2F109 /* Pods-Loan Calculator-Loan CalculatorUITests.debug.xcconfig */;
			buildSettings = {
				ALWAYS_EMBED_SWIFT_STANDARD_LIBRARIES = YES;
				CODE_SIGN_STYLE = Automatic;
				CURRENT_PROJECT_VERSION = 1;
				DEVELOPMENT_TEAM = T8BSBSN9EC;
				GENERATE_INFOPLIST_FILE = YES;
				MARKETING_VERSION = 1.0;
				PRODUCT_BUNDLE_IDENTIFIER = "NWM.Loan-CalculatorUITests";
				PRODUCT_NAME = "$(TARGET_NAME)";
				SWIFT_EMIT_LOC_STRINGS = NO;
				SWIFT_VERSION = 5.0;
				TARGETED_DEVICE_FAMILY = "1,2";
				TEST_TARGET_NAME = "Loan Calculator";
			};
			name = Debug;
		};
		0DB8C7DE2A1CEB1B009EC720 /* Release */ = {
			isa = XCBuildConfiguration;
			baseConfigurationReference = 108EB36A0707EC72D6D57FE1 /* Pods-Loan Calculator-Loan CalculatorUITests.release.xcconfig */;
			buildSettings = {
				ALWAYS_EMBED_SWIFT_STANDARD_LIBRARIES = YES;
				CODE_SIGN_STYLE = Automatic;
				CURRENT_PROJECT_VERSION = 1;
				DEVELOPMENT_TEAM = T8BSBSN9EC;
				GENERATE_INFOPLIST_FILE = YES;
				MARKETING_VERSION = 1.0;
				PRODUCT_BUNDLE_IDENTIFIER = "NWM.Loan-CalculatorUITests";
				PRODUCT_NAME = "$(TARGET_NAME)";
				SWIFT_EMIT_LOC_STRINGS = NO;
				SWIFT_VERSION = 5.0;
				TARGETED_DEVICE_FAMILY = "1,2";
				TEST_TARGET_NAME = "Loan Calculator";
			};
			name = Release;
		};
/* End XCBuildConfiguration section */

/* Begin XCConfigurationList section */
		0DB8C7AD2A1CEB1A009EC720 /* Build configuration list for PBXProject "Loan Calculator" */ = {
			isa = XCConfigurationList;
			buildConfigurations = (
				0DB8C7D42A1CEB1B009EC720 /* Debug */,
				0DB8C7D52A1CEB1B009EC720 /* Release */,
			);
			defaultConfigurationIsVisible = 0;
			defaultConfigurationName = Release;
		};
		0DB8C7D62A1CEB1B009EC720 /* Build configuration list for PBXNativeTarget "Loan Calculator" */ = {
			isa = XCConfigurationList;
			buildConfigurations = (
				0DB8C7D72A1CEB1B009EC720 /* Debug */,
				0DB8C7D82A1CEB1B009EC720 /* Release */,
			);
			defaultConfigurationIsVisible = 0;
			defaultConfigurationName = Release;
		};
		0DB8C7D92A1CEB1B009EC720 /* Build configuration list for PBXNativeTarget "Loan CalculatorTests" */ = {
			isa = XCConfigurationList;
			buildConfigurations = (
				0DB8C7DA2A1CEB1B009EC720 /* Debug */,
				0DB8C7DB2A1CEB1B009EC720 /* Release */,
			);
			defaultConfigurationIsVisible = 0;
			defaultConfigurationName = Release;
		};
		0DB8C7DC2A1CEB1B009EC720 /* Build configuration list for PBXNativeTarget "Loan CalculatorUITests" */ = {
			isa = XCConfigurationList;
			buildConfigurations = (
				0DB8C7DD2A1CEB1B009EC720 /* Debug */,
				0DB8C7DE2A1CEB1B009EC720 /* Release */,
			);
			defaultConfigurationIsVisible = 0;
			defaultConfigurationName = Release;
		};
/* End XCConfigurationList section */
	};
	rootObject = 0DB8C7AA2A1CEB1A009EC720 /* Project object */;
}
